
Microsoft Visual Studio Solution File, Format Version 12.00
# Visual Studio Version 17
VisualStudioVersion = 17.0.31903.59
MinimumVisualStudioVersion = 10.0.40219.1
Project("{2150E333-8FDC-42A3-9474-1A3956D46DE8}") = "src", "src", "{827E0CD3-B72D-47B6-A68D-7590B98EB39B}"
EndProject
Project("{FAE04EC0-301F-11D3-BF4B-00C04F79EFBC}") = "FCG.Users.Api", "src\FCG.Users.Api\FCG.Users.Api.csproj", "{EAFE12F3-70CF-4CF2-B1EA-020165C0E837}"
EndProject
Project("{FAE04EC0-301F-11D3-BF4B-00C04F79EFBC}") = "FCG.Users.Domain", "src\FCG.Users.Domain\FCG.Users.Domain.csproj", "{0242A28D-84A5-4AE7-A19C-12048E04D592}"
EndProject
Project("{FAE04EC0-301F-11D3-BF4B-00C04F79EFBC}") = "FCG.Users.Infrastructure", "src\FCG.Users.Infrastructure\FCG.Users.Infrastructure.csproj", "{C63908A9-BEB9-4835-A4DD-0455F39841A9}"
EndProject
Project("{2150E333-8FDC-42A3-9474-1A3956D46DE8}") = "tests", "tests", "{0AB3BF05-4346-4AA6-1389-037BE0695223}"
EndProject
Project("{FAE04EC0-301F-11D3-BF4B-00C04F79EFBC}") = "FCG.Users.Tests", "tests\FCG.Users.Tests\FCG.Users.Tests.csproj", "{0F29A343-7ABC-467F-965B-11D81D32FD11}"
EndProject
Global
	GlobalSection(SolutionConfigurationPlatforms) = preSolution
		Debug|Any CPU = Debug|Any CPU
		Debug|x64 = Debug|x64
		Debug|x86 = Debug|x86
		Release|Any CPU = Release|Any CPU
		Release|x64 = Release|x64
		Release|x86 = Release|x86
	EndGlobalSection
	GlobalSection(ProjectConfigurationPlatforms) = postSolution
		{EAFE12F3-70CF-4CF2-B1EA-020165C0E837}.Debug|Any CPU.ActiveCfg = Debug|Any CPU
		{EAFE12F3-70CF-4CF2-B1EA-020165C0E837}.Debug|Any CPU.Build.0 = Debug|Any CPU
		{EAFE12F3-70CF-4CF2-B1EA-020165C0E837}.Debug|x64.ActiveCfg = Debug|Any CPU
		{EAFE12F3-70CF-4CF2-B1EA-020165C0E837}.Debug|x64.Build.0 = Debug|Any CPU
		{EAFE12F3-70CF-4CF2-B1EA-020165C0E837}.Debug|x86.ActiveCfg = Debug|Any CPU
		{EAFE12F3-70CF-4CF2-B1EA-020165C0E837}.Debug|x86.Build.0 = Debug|Any CPU
		{EAFE12F3-70CF-4CF2-B1EA-020165C0E837}.Release|Any CPU.ActiveCfg = Release|Any CPU
		{EAFE12F3-70CF-4CF2-B1EA-020165C0E837}.Release|Any CPU.Build.0 = Release|Any CPU
		{EAFE12F3-70CF-4CF2-B1EA-020165C0E837}.Release|x64.ActiveCfg = Release|Any CPU
		{EAFE12F3-70CF-4CF2-B1EA-020165C0E837}.Release|x64.Build.0 = Release|Any CPU
		{EAFE12F3-70CF-4CF2-B1EA-020165C0E837}.Release|x86.ActiveCfg = Release|Any CPU
		{EAFE12F3-70CF-4CF2-B1EA-020165C0E837}.Release|x86.Build.0 = Release|Any CPU
		{0242A28D-84A5-4AE7-A19C-12048E04D592}.Debug|Any CPU.ActiveCfg = Debug|Any CPU
		{0242A28D-84A5-4AE7-A19C-12048E04D592}.Debug|Any CPU.Build.0 = Debug|Any CPU
		{0242A28D-84A5-4AE7-A19C-12048E04D592}.Debug|x64.ActiveCfg = Debug|Any CPU
		{0242A28D-84A5-4AE7-A19C-12048E04D592}.Debug|x64.Build.0 = Debug|Any CPU
		{0242A28D-84A5-4AE7-A19C-12048E04D592}.Debug|x86.ActiveCfg = Debug|Any CPU
		{0242A28D-84A5-4AE7-A19C-12048E04D592}.Debug|x86.Build.0 = Debug|Any CPU
		{0242A28D-84A5-4AE7-A19C-12048E04D592}.Release|Any CPU.ActiveCfg = Release|Any CPU
		{0242A28D-84A5-4AE7-A19C-12048E04D592}.Release|Any CPU.Build.0 = Release|Any CPU
		{0242A28D-84A5-4AE7-A19C-12048E04D592}.Release|x64.ActiveCfg = Release|Any CPU
		{0242A28D-84A5-4AE7-A19C-12048E04D592}.Release|x64.Build.0 = Release|Any CPU
		{0242A28D-84A5-4AE7-A19C-12048E04D592}.Release|x86.ActiveCfg = Release|Any CPU
		{0242A28D-84A5-4AE7-A19C-12048E04D592}.Release|x86.Build.0 = Release|Any CPU
		{C63908A9-BEB9-4835-A4DD-0455F39841A9}.Debug|Any CPU.ActiveCfg = Debug|Any CPU
		{C63908A9-BEB9-4835-A4DD-0455F39841A9}.Debug|Any CPU.Build.0 = Debug|Any CPU
		{C63908A9-BEB9-4835-A4DD-0455F39841A9}.Debug|x64.ActiveCfg = Debug|Any CPU
		{C63908A9-BEB9-4835-A4DD-0455F39841A9}.Debug|x64.Build.0 = Debug|Any CPU
		{C63908A9-BEB9-4835-A4DD-0455F39841A9}.Debug|x86.ActiveCfg = Debug|Any CPU
		{C63908A9-BEB9-4835-A4DD-0455F39841A9}.Debug|x86.Build.0 = Debug|Any CPU
		{C63908A9-BEB9-4835-A4DD-0455F39841A9}.Release|Any CPU.ActiveCfg = Release|Any CPU
		{C63908A9-BEB9-4835-A4DD-0455F39841A9}.Release|Any CPU.Build.0 = Release|Any CPU
		{C63908A9-BEB9-4835-A4DD-0455F39841A9}.Release|x64.ActiveCfg = Release|Any CPU
		{C63908A9-BEB9-4835-A4DD-0455F39841A9}.Release|x64.Build.0 = Release|Any CPU
		{C63908A9-BEB9-4835-A4DD-0455F39841A9}.Release|x86.ActiveCfg = Release|Any CPU
		{C63908A9-BEB9-4835-A4DD-0455F39841A9}.Release|x86.Build.0 = Release|Any CPU
		{0F29A343-7ABC-467F-965B-11D81D32FD11}.Debug|Any CPU.ActiveCfg = Debug|Any CPU
		{0F29A343-7ABC-467F-965B-11D81D32FD11}.Debug|Any CPU.Build.0 = Debug|Any CPU
		{0F29A343-7ABC-467F-965B-11D81D32FD11}.Debug|x64.ActiveCfg = Debug|Any CPU
		{0F29A343-7ABC-467F-965B-11D81D32FD11}.Debug|x64.Build.0 = Debug|Any CPU
		{0F29A343-7ABC-467F-965B-11D81D32FD11}.Debug|x86.ActiveCfg = Debug|Any CPU
		{0F29A343-7ABC-467F-965B-11D81D32FD11}.Debug|x86.Build.0 = Debug|Any CPU
		{0F29A343-7ABC-467F-965B-11D81D32FD11}.Release|Any CPU.ActiveCfg = Release|Any CPU
		{0F29A343-7ABC-467F-965B-11D81D32FD11}.Release|Any CPU.Build.0 = Release|Any CPU
		{0F29A343-7ABC-467F-965B-11D81D32FD11}.Release|x64.ActiveCfg = Release|Any CPU
		{0F29A343-7ABC-467F-965B-11D81D32FD11}.Release|x64.Build.0 = Release|Any CPU
		{0F29A343-7ABC-467F-965B-11D81D32FD11}.Release|x86.ActiveCfg = Release|Any CPU
		{0F29A343-7ABC-467F-965B-11D81D32FD11}.Release|x86.Build.0 = Release|Any CPU
	EndGlobalSection
	GlobalSection(SolutionProperties) = preSolution
		HideSolutionNode = FALSE
	EndGlobalSection
	GlobalSection(NestedProjects) = preSolution
		{EAFE12F3-70CF-4CF2-B1EA-020165C0E837} = {827E0CD3-B72D-47B6-A68D-7590B98EB39B}
		{0242A28D-84A5-4AE7-A19C-12048E04D592} = {827E0CD3-B72D-47B6-A68D-7590B98EB39B}
		{C63908A9-BEB9-4835-A4DD-0455F39841A9} = {827E0CD3-B72D-47B6-A68D-7590B98EB39B}
		{0F29A343-7ABC-467F-965B-11D81D32FD11} = {0AB3BF05-4346-4AA6-1389-037BE0695223}
	EndGlobalSection
EndGlobal
